
Microsoft Visual Studio Solution File, Format Version 12.00
# Visual Studio Version 17
VisualStudioVersion = 17.7.34031.279
MinimumVisualStudioVersion = 10.0.40219.1
Project("{9A19103F-16F7-4668-BE54-9A1E7A4F7556}") = "OAM.Core", "OAM.Core\OAM.Core.csproj", "{82455E06-4E96-4B05-9B77-B96ACC2DF850}"
EndProject
Project("{9A19103F-16F7-4668-BE54-9A1E7A4F7556}") = "OAMUsersAPI", "OamUsersAPI\OAMUsersAPI.csproj", "{F75FAFC8-1DB6-437F-984E-C86D88494332}"
EndProject
Global
	GlobalSection(SolutionConfigurationPlatforms) = preSolution
		Debug|Any CPU = Debug|Any CPU
		Release|Any CPU = Release|Any CPU
	EndGlobalSection
	GlobalSection(ProjectConfigurationPlatforms) = postSolution
		{82455E06-4E96-4B05-9B77-B96ACC2DF850}.Debug|Any CPU.ActiveCfg = Debug|Any CPU
		{82455E06-4E96-4B05-9B77-B96ACC2DF850}.Debug|Any CPU.Build.0 = Debug|Any CPU
		{82455E06-4E96-4B05-9B77-B96ACC2DF850}.Release|Any CPU.ActiveCfg = Release|Any CPU
		{82455E06-4E96-4B05-9B77-B96ACC2DF850}.Release|Any CPU.Build.0 = Release|Any CPU
		{F75FAFC8-1DB6-437F-984E-C86D88494332}.Debug|Any CPU.ActiveCfg = Debug|Any CPU
		{F75FAFC8-1DB6-437F-984E-C86D88494332}.Debug|Any CPU.Build.0 = Debug|Any CPU
		{F75FAFC8-1DB6-437F-984E-C86D88494332}.Release|Any CPU.ActiveCfg = Release|Any CPU
		{F75FAFC8-1DB6-437F-984E-C86D88494332}.Release|Any CPU.Build.0 = Release|Any CPU
	EndGlobalSection
	GlobalSection(SolutionProperties) = preSolution
		HideSolutionNode = FALSE
	EndGlobalSection
	GlobalSection(ExtensibilityGlobals) = postSolution
		SolutionGuid = {89A1187D-B6F9-4123-A688-5918F9D1565C}
	EndGlobalSection
EndGlobal
