
Microsoft Visual Studio Solution File, Format Version 12.00
# Visual Studio Version 17
VisualStudioVersion = 17.7.34031.279
MinimumVisualStudioVersion = 10.0.40219.1
Project("{FAE04EC0-301F-11D3-BF4B-00C04F79EFBC}") = "OAM-API", "OAM-API\OAM-API.csproj", "{4681B3B3-2F92-4F52-988A-9C20F17EDB83}"
EndProject
Project("{FAE04EC0-301F-11D3-BF4B-00C04F79EFBC}") = "OAM.Core", "OAM.Core\OAM.Core.csproj", "{82455E06-4E96-4B05-9B77-B96ACC2DF850}"
EndProject
Global
	GlobalSection(SolutionConfigurationPlatforms) = preSolution
		Debug|Any CPU = Debug|Any CPU
		Release|Any CPU = Release|Any CPU
	EndGlobalSection
	GlobalSection(ProjectConfigurationPlatforms) = postSolution
		{4681B3B3-2F92-4F52-988A-9C20F17EDB83}.Debug|Any CPU.ActiveCfg = Debug|Any CPU
		{4681B3B3-2F92-4F52-988A-9C20F17EDB83}.Debug|Any CPU.Build.0 = Debug|Any CPU
		{4681B3B3-2F92-4F52-988A-9C20F17EDB83}.Release|Any CPU.ActiveCfg = Release|Any CPU
		{4681B3B3-2F92-4F52-988A-9C20F17EDB83}.Release|Any CPU.Build.0 = Release|Any CPU
		{82455E06-4E96-4B05-9B77-B96ACC2DF850}.Debug|Any CPU.ActiveCfg = Debug|Any CPU
		{82455E06-4E96-4B05-9B77-B96ACC2DF850}.Debug|Any CPU.Build.0 = Debug|Any CPU
		{82455E06-4E96-4B05-9B77-B96ACC2DF850}.Release|Any CPU.ActiveCfg = Release|Any CPU
		{82455E06-4E96-4B05-9B77-B96ACC2DF850}.Release|Any CPU.Build.0 = Release|Any CPU
	EndGlobalSection
	GlobalSection(SolutionProperties) = preSolution
		HideSolutionNode = FALSE
	EndGlobalSection
	GlobalSection(ExtensibilityGlobals) = postSolution
		SolutionGuid = {89A1187D-B6F9-4123-A688-5918F9D1565C}
	EndGlobalSection
EndGlobal
